
Microsoft Visual Studio Solution File, Format Version 12.00
# Visual Studio 15
VisualStudioVersion = 15.0.27004.2009
MinimumVisualStudioVersion = 10.0.40219.1
Project("{FAE04EC0-301F-11D3-BF4B-00C04F79EFBC}") = "Engine", "ProjectSQL_100\Engine.csproj", "{6CB01954-9B3E-4267-A440-EF62ADE31BB1}"
EndProject
Project("{FAE04EC0-301F-11D3-BF4B-00C04F79EFBC}") = "Site", "Site\Site.csproj", "{D9E785C6-E122-4231-B757-AE623449EB94}"
EndProject
Project("{FAE04EC0-301F-11D3-BF4B-00C04F79EFBC}") = "DAL", "DAL\DAL.csproj", "{BA9A7DDB-C86F-4F0C-B368-97C92988C522}"
EndProject
Global
	GlobalSection(SolutionConfigurationPlatforms) = preSolution
		Debug|Any CPU = Debug|Any CPU
		Debug|x64 = Debug|x64
		Release|Any CPU = Release|Any CPU
		Release|x64 = Release|x64
	EndGlobalSection
	GlobalSection(ProjectConfigurationPlatforms) = postSolution
		{6CB01954-9B3E-4267-A440-EF62ADE31BB1}.Debug|Any CPU.ActiveCfg = Debug|Any CPU
		{6CB01954-9B3E-4267-A440-EF62ADE31BB1}.Debug|Any CPU.Build.0 = Debug|Any CPU
		{6CB01954-9B3E-4267-A440-EF62ADE31BB1}.Debug|x64.ActiveCfg = Debug|x64
		{6CB01954-9B3E-4267-A440-EF62ADE31BB1}.Debug|x64.Build.0 = Debug|x64
		{6CB01954-9B3E-4267-A440-EF62ADE31BB1}.Release|Any CPU.ActiveCfg = Release|Any CPU
		{6CB01954-9B3E-4267-A440-EF62ADE31BB1}.Release|Any CPU.Build.0 = Release|Any CPU
		{6CB01954-9B3E-4267-A440-EF62ADE31BB1}.Release|x64.ActiveCfg = Release|x64
		{6CB01954-9B3E-4267-A440-EF62ADE31BB1}.Release|x64.Build.0 = Release|x64
		{D9E785C6-E122-4231-B757-AE623449EB94}.Debug|Any CPU.ActiveCfg = Debug|Any CPU
		{D9E785C6-E122-4231-B757-AE623449EB94}.Debug|Any CPU.Build.0 = Debug|Any CPU
		{D9E785C6-E122-4231-B757-AE623449EB94}.Debug|x64.ActiveCfg = Debug|Any CPU
		{D9E785C6-E122-4231-B757-AE623449EB94}.Debug|x64.Build.0 = Debug|Any CPU
		{D9E785C6-E122-4231-B757-AE623449EB94}.Release|Any CPU.ActiveCfg = Release|Any CPU
		{D9E785C6-E122-4231-B757-AE623449EB94}.Release|Any CPU.Build.0 = Release|Any CPU
		{D9E785C6-E122-4231-B757-AE623449EB94}.Release|x64.ActiveCfg = Release|Any CPU
		{D9E785C6-E122-4231-B757-AE623449EB94}.Release|x64.Build.0 = Release|Any CPU
		{BA9A7DDB-C86F-4F0C-B368-97C92988C522}.Debug|Any CPU.ActiveCfg = Debug|Any CPU
		{BA9A7DDB-C86F-4F0C-B368-97C92988C522}.Debug|Any CPU.Build.0 = Debug|Any CPU
		{BA9A7DDB-C86F-4F0C-B368-97C92988C522}.Debug|x64.ActiveCfg = Debug|Any CPU
		{BA9A7DDB-C86F-4F0C-B368-97C92988C522}.Debug|x64.Build.0 = Debug|Any CPU
		{BA9A7DDB-C86F-4F0C-B368-97C92988C522}.Release|Any CPU.ActiveCfg = Release|Any CPU
		{BA9A7DDB-C86F-4F0C-B368-97C92988C522}.Release|Any CPU.Build.0 = Release|Any CPU
		{BA9A7DDB-C86F-4F0C-B368-97C92988C522}.Release|x64.ActiveCfg = Release|Any CPU
		{BA9A7DDB-C86F-4F0C-B368-97C92988C522}.Release|x64.Build.0 = Release|Any CPU
	EndGlobalSection
	GlobalSection(SolutionProperties) = preSolution
		HideSolutionNode = FALSE
	EndGlobalSection
	GlobalSection(ExtensibilityGlobals) = postSolution
		SolutionGuid = {51C0EB90-520D-41E0-B6C0-5073D464BFCD}
	EndGlobalSection
EndGlobal
